
Microsoft Visual Studio Solution File, Format Version 12.00
# Visual Studio 15
VisualStudioVersion = 15.0.27703.2047
MinimumVisualStudioVersion = 10.0.40219.1
Project("{8BC9CEB8-8B4A-11D0-8D11-00A0C91BC942}") = "자료구조연습문제05_hard_english", "자료구조연습문제05_hard_english\자료구조연습문제05_hard_english.vcxproj", "{364EA166-1ABB-4BFC-83FC-819DDEF3A507}"
EndProject
Global
	GlobalSection(SolutionConfigurationPlatforms) = preSolution
		Debug|x64 = Debug|x64
		Debug|x86 = Debug|x86
		Release|x64 = Release|x64
		Release|x86 = Release|x86
	EndGlobalSection
	GlobalSection(ProjectConfigurationPlatforms) = postSolution
		{364EA166-1ABB-4BFC-83FC-819DDEF3A507}.Debug|x64.ActiveCfg = Debug|x64
		{364EA166-1ABB-4BFC-83FC-819DDEF3A507}.Debug|x64.Build.0 = Debug|x64
		{364EA166-1ABB-4BFC-83FC-819DDEF3A507}.Debug|x86.ActiveCfg = Debug|Win32
		{364EA166-1ABB-4BFC-83FC-819DDEF3A507}.Debug|x86.Build.0 = Debug|Win32
		{364EA166-1ABB-4BFC-83FC-819DDEF3A507}.Release|x64.ActiveCfg = Release|x64
		{364EA166-1ABB-4BFC-83FC-819DDEF3A507}.Release|x64.Build.0 = Release|x64
		{364EA166-1ABB-4BFC-83FC-819DDEF3A507}.Release|x86.ActiveCfg = Release|Win32
		{364EA166-1ABB-4BFC-83FC-819DDEF3A507}.Release|x86.Build.0 = Release|Win32
	EndGlobalSection
	GlobalSection(SolutionProperties) = preSolution
		HideSolutionNode = FALSE
	EndGlobalSection
	GlobalSection(ExtensibilityGlobals) = postSolution
		SolutionGuid = {50343CB8-02BE-4F02-B173-4E869BEA7A19}
	EndGlobalSection
EndGlobal
